{
  "name": "baseline",
  "version": "0.0.1",
  "lockfileVersion": 1,
  "requires": true,
  "dependencies": {
    "@formatjs/intl-displaynames": {
      "version": "1.2.8",
      "resolved": "https://registry.npmjs.org/@formatjs/intl-displaynames/-/intl-displaynames-1.2.8.tgz",
      "integrity": "sha512-x/MwUZLgXeDEk0/RXEfGn5c4iZK2UeEHz8gS9yjpoUJ+ybFGr8Jucz45b1UNaABQc57/9vzL91DIPh+5e+OO0w==",
      "requires": {
        "@formatjs/intl-utils": "^2.2.4"
      }
    },
    "@formatjs/intl-listformat": {
      "version": "1.4.6",
      "resolved": "https://registry.npmjs.org/@formatjs/intl-listformat/-/intl-listformat-1.4.6.tgz",
      "integrity": "sha512-yOyeTETGxGTjCJPhKVQ+xC7MlyFepNDdobMz+I7hywpCv8kQAw4rdswh1mgA2xeEPF/+NDrBDoXhQaXflKM1hw==",
      "requires": {
        "@formatjs/intl-utils": "^2.2.4"
      }
    },
    "@formatjs/intl-relativetimeformat": {
      "version": "4.5.14",
      "resolved": "https://registry.npmjs.org/@formatjs/intl-relativetimeformat/-/intl-relativetimeformat-4.5.14.tgz",
      "integrity": "sha512-/lGg37Xqjh3h3yjOhfk67B/4d9MUFK2v56uxC8SlWptpFjsdp9iXX12T9sU9wsGTBCFA0k6gDKUJAqmr6P1YVQ==",
      "requires": {
        "@formatjs/intl-utils": "^2.2.4"
      }
    },
    "@formatjs/intl-unified-numberformat": {
      "version": "3.3.5",
      "resolved": "https://registry.npmjs.org/@formatjs/intl-unified-numberformat/-/intl-unified-numberformat-3.3.5.tgz",
      "integrity": "sha512-LdRs9OoqG8Ah6wKKAcaq9wfeZ0w+Icway63thbbOam5DLY9G3u44NReFYWAmVSU+MXOQ+VPATMB9RUXGZxBdig==",
      "requires": {
        "@formatjs/intl-utils": "^2.2.4"
      }
    },
    "@formatjs/intl-utils": {
      "version": "2.2.4",
      "resolved": "https://registry.npmjs.org/@formatjs/intl-utils/-/intl-utils-2.2.4.tgz",
      "integrity": "sha512-83fsJywew0o9wQsW3VuEp33HRiFd0qbQDyFFnwZCwk59eLZ33CtKyJ5ofKMrU2KK6hk1zaIdzisrZeoNfmI3Tw=="
    },
    "@types/chai": {
      "version": "4.2.11",
      "resolved": "https://registry.npmjs.org/@types/chai/-/chai-4.2.11.tgz",
      "integrity": "sha512-t7uW6eFafjO+qJ3BIV2gGUyZs27egcNRkUdalkud+Qa3+kg//f129iuOFivHDXQ+vnU3fDXuwgv0cqMCbcE8sw=="
    },
    "@types/hoist-non-react-statics": {
      "version": "3.3.1",
      "resolved": "https://registry.npmjs.org/@types/hoist-non-react-statics/-/hoist-non-react-statics-3.3.1.tgz",
      "integrity": "sha512-iMIqiko6ooLrTh1joXodJK5X9xeEALT1kM5G3ZLhD3hszxBdIEd5C75U834D9mLcINgD4OyZf5uQXjkuYydWvA==",
      "requires": {
        "@types/react": "*",
        "hoist-non-react-statics": "^3.3.0"
      }
    },
    "@types/invariant": {
      "version": "2.2.32",
      "resolved": "https://registry.npmjs.org/@types/invariant/-/invariant-2.2.32.tgz",
      "integrity": "sha512-WjY4WVFaehHv+TOgm+dS3UI559NvsPGFz/C0nIo7KOOdC+HeC7Y3/yLzdJYQ3+oFQaTXrOVm7cNtIgMataIDVg=="
    },
    "@types/prop-types": {
      "version": "15.7.3",
      "resolved": "https://registry.npmjs.org/@types/prop-types/-/prop-types-15.7.3.tgz",
      "integrity": "sha512-KfRL3PuHmqQLOG+2tGpRO26Ctg+Cq1E01D2DMriKEATHgWLfeNDmq9e29Q9WIky0dQ3NPkd1mzYH8Lm936Z9qw=="
    },
    "@types/react": {
      "version": "16.9.34",
      "resolved": "https://registry.npmjs.org/@types/react/-/react-16.9.34.tgz",
      "integrity": "sha512-8AJlYMOfPe1KGLKyHpflCg5z46n0b5DbRfqDksxBLBTUpB75ypDBAO9eCUcjNwE6LCUslwTz00yyG/X9gaVtow==",
      "requires": {
        "@types/prop-types": "*",
        "csstype": "^2.2.0"
      }
    },
    "assertion-error": {
      "version": "1.1.0",
      "resolved": "https://registry.npmjs.org/assertion-error/-/assertion-error-1.1.0.tgz",
      "integrity": "sha512-jgsaNduz+ndvGyFt3uSuWqvy4lCnIJiovtouQN5JZHOKCS2QuhEdbcQHFhVksz2N2U9hXJo8odG7ETyWlEeuDw=="
    },
    "chai": {
      "version": "4.2.0",
      "resolved": "https://registry.npmjs.org/chai/-/chai-4.2.0.tgz",
      "integrity": "sha512-XQU3bhBukrOsQCuwZndwGcCVQHyZi53fQ6Ys1Fym7E4olpIqqZZhhoFJoaKVvV17lWQoXYwgWN2nF5crA8J2jw==",
      "requires": {
        "assertion-error": "^1.1.0",
        "check-error": "^1.0.2",
        "deep-eql": "^3.0.1",
        "get-func-name": "^2.0.0",
        "pathval": "^1.1.0",
        "type-detect": "^4.0.5"
      }
    },
    "check-error": {
      "version": "1.0.2",
      "resolved": "https://registry.npmjs.org/check-error/-/check-error-1.0.2.tgz",
      "integrity": "sha1-V00xLt2Iu13YkS6Sht1sCu1KrII="
    },
    "csstype": {
      "version": "2.6.10",
      "resolved": "https://registry.npmjs.org/csstype/-/csstype-2.6.10.tgz",
      "integrity": "sha512-D34BqZU4cIlMCY93rZHbrq9pjTAQJ3U8S8rfBqjwHxkGPThWFjzZDQpgMJY0QViLxth6ZKYiwFBo14RdN44U/w=="
    },
    "deep-eql": {
      "version": "3.0.1",
      "resolved": "https://registry.npmjs.org/deep-eql/-/deep-eql-3.0.1.tgz",
      "integrity": "sha512-+QeIQyN5ZuO+3Uk5DYh6/1eKO0m0YmJFGNmFHGACpf1ClL1nmlV/p4gNgbl2pJGxgXb4faqo6UE+M5ACEMyVcw==",
      "requires": {
        "type-detect": "^4.0.0"
      }
    },
    "get-func-name": {
      "version": "2.0.0",
      "resolved": "https://registry.npmjs.org/get-func-name/-/get-func-name-2.0.0.tgz",
      "integrity": "sha1-6td0q+5y4gQJQzoGY2YCPdaIekE="
    },
    "hoist-non-react-statics": {
      "version": "3.3.2",
      "resolved": "https://registry.npmjs.org/hoist-non-react-statics/-/hoist-non-react-statics-3.3.2.tgz",
      "integrity": "sha512-/gGivxi8JPKWNm/W0jSmzcMPpfpPLc3dY/6GxhX2hQ9iGj3aDfklV4ET7NjKpSinLpJ5vafa9iiGIEZg10SfBw==",
      "requires": {
        "react-is": "^16.7.0"
      }
    },
    "intl-format-cache": {
      "version": "4.2.26",
      "resolved": "https://registry.npmjs.org/intl-format-cache/-/intl-format-cache-4.2.26.tgz",
      "integrity": "sha512-RalEzK89R3rJrOo7vcGY8h1WLypF1ZRQQldIsrQM6FTEPixvHb+pAEhd2QkdUk972hFjAEBJR02GdHhaEw9v2g==",
      "requires": {
        "@types/chai": "^4.2.11",
        "chai": "^4.2.0"
      }
    },
    "intl-messageformat": {
      "version": "8.3.9",
      "resolved": "https://registry.npmjs.org/intl-messageformat/-/intl-messageformat-8.3.9.tgz",
      "integrity": "sha512-WHIopaMiZ14UJ76d14FfqbeNE3knGJT7pJg6eJVxh1G5ziL656BqfQk6dYxPZ2VvoaY7wnT3dLlIXy1MTE0blw==",
      "requires": {
        "intl-format-cache": "^4.2.26",
        "intl-messageformat-parser": "^5.0.2"
      }
    },
    "intl-messageformat-parser": {
      "version": "5.0.2",
      "resolved": "https://registry.npmjs.org/intl-messageformat-parser/-/intl-messageformat-parser-5.0.2.tgz",
      "integrity": "sha512-7logOIMKQX4cWTAGdMSPdlzlGG2aGcpdTr/Laroi3/LTgXvYqMQ8fbC7DolygSEWUxbYrzDIuQsoQGJO6Kp8Gg==",
      "requires": {
        "@formatjs/intl-unified-numberformat": "^3.3.5"
      }
    },
    "minimist": {
      "version": "1.2.5",
      "resolved": "https://registry.npmjs.org/minimist/-/minimist-1.2.5.tgz",
      "integrity": "sha512-FM9nNUYrRBAELZQT3xeZQ7fmMOBg6nWNmJKTcgsJeaLstP/UODVpGsr5OhXhhXg6f+qtJ8uiZ+PUxkDWcgIXLw==",
      "dev": true
    },
    "pathval": {
      "version": "1.1.0",
      "resolved": "https://registry.npmjs.org/pathval/-/pathval-1.1.0.tgz",
      "integrity": "sha1-uULm1L3mUwBe9rcTYd74cn0GReA="
    },
    "react-intl": {
      "version": "4.5.1",
      "resolved": "https://registry.npmjs.org/react-intl/-/react-intl-4.5.1.tgz",
      "integrity": "sha512-Zhe5rn+AYtcnzgAuL2ZgqOCMpFwco9aQ0OMdobe/g1l+hUTEEt7gQyZO0cHXd4lsfJIyBtjGnVlR9V2YwC1dDw==",
      "requires": {
        "@formatjs/intl-displaynames": "^1.2.8",
        "@formatjs/intl-listformat": "^1.4.6",
        "@formatjs/intl-relativetimeformat": "^4.5.14",
        "@formatjs/intl-unified-numberformat": "^3.3.5",
        "@formatjs/intl-utils": "^2.2.4",
        "@types/hoist-non-react-statics": "^3.3.1",
        "@types/invariant": "^2.2.31",
        "hoist-non-react-statics": "^3.3.2",
        "intl-format-cache": "^4.2.26",
        "intl-messageformat": "^8.3.9",
        "intl-messageformat-parser": "^5.0.2",
        "shallow-equal": "^1.2.1"
      }
    },
    "react-is": {
      "version": "16.13.1",
      "resolved": "https://registry.npmjs.org/react-is/-/react-is-16.13.1.tgz",
      "integrity": "sha512-24e6ynE2H+OKt4kqsOvNd8kBpV65zoxbA4BVsEOB3ARVWQki/DHzaUoC5KuON/BiccDaCCTZBuOcfZs70kR8bQ=="
    },
    "shallow-equal": {
      "version": "1.2.1",
      "resolved": "https://registry.npmjs.org/shallow-equal/-/shallow-equal-1.2.1.tgz",
      "integrity": "sha512-S4vJDjHHMBaiZuT9NPb616CSmLf618jawtv3sufLl6ivK8WocjAo58cXwbRV1cgqxH0Qbv+iUt6m05eqEa2IRA=="
    },
    "type-detect": {
      "version": "4.0.8",
      "resolved": "https://registry.npmjs.org/type-detect/-/type-detect-4.0.8.tgz",
      "integrity": "sha512-0fr/mIH1dlO+x7TlcMy+bIDqKPsw/70tVyeHW787goQjhmqaZe10uwLujubK9q9Lg6Fiho1KUKDYz0Z7k7g5/g=="
    }
  }
}
